
Microsoft Visual Studio Solution File, Format Version 12.00
# Visual Studio Version 17
VisualStudioVersion = 17.2.32526.322
MinimumVisualStudioVersion = 10.0.40219.1
Project("{FAE04EC0-301F-11D3-BF4B-00C04F79EFBC}") = "laboratorna 1", "laboratorna 1\laboratorna 1.csproj", "{D0B8F418-89D0-42D9-9E88-E47CD5954206}"
EndProject
Global
	GlobalSection(SolutionConfigurationPlatforms) = preSolution
		Debug|Any CPU = Debug|Any CPU
		Release|Any CPU = Release|Any CPU
	EndGlobalSection
	GlobalSection(ProjectConfigurationPlatforms) = postSolution
		{D0B8F418-89D0-42D9-9E88-E47CD5954206}.Debug|Any CPU.ActiveCfg = Debug|Any CPU
		{D0B8F418-89D0-42D9-9E88-E47CD5954206}.Debug|Any CPU.Build.0 = Debug|Any CPU
		{D0B8F418-89D0-42D9-9E88-E47CD5954206}.Release|Any CPU.ActiveCfg = Release|Any CPU
		{D0B8F418-89D0-42D9-9E88-E47CD5954206}.Release|Any CPU.Build.0 = Release|Any CPU
	EndGlobalSection
	GlobalSection(SolutionProperties) = preSolution
		HideSolutionNode = FALSE
	EndGlobalSection
	GlobalSection(ExtensibilityGlobals) = postSolution
		SolutionGuid = {345F7FB4-3AE6-438E-8806-471719D033F0}
	EndGlobalSection
EndGlobal
